
Microsoft Visual Studio Solution File, Format Version 12.00
# Visual Studio Version 16
VisualStudioVersion = 16.0.29102.190
MinimumVisualStudioVersion = 10.0.40219.1
Project("{FAE04EC0-301F-11D3-BF4B-00C04F79EFBC}") = "Vindi", "Vindi\Vindi.csproj", "{2148AF8C-38B9-4067-B670-6B07BC525FFD}"
EndProject
Global
	GlobalSection(SolutionConfigurationPlatforms) = preSolution
		Debug|Any CPU = Debug|Any CPU
		Release|Any CPU = Release|Any CPU
	EndGlobalSection
	GlobalSection(ProjectConfigurationPlatforms) = postSolution
		{2148AF8C-38B9-4067-B670-6B07BC525FFD}.Debug|Any CPU.ActiveCfg = Debug|Any CPU
		{2148AF8C-38B9-4067-B670-6B07BC525FFD}.Debug|Any CPU.Build.0 = Debug|Any CPU
		{2148AF8C-38B9-4067-B670-6B07BC525FFD}.Release|Any CPU.ActiveCfg = Release|Any CPU
		{2148AF8C-38B9-4067-B670-6B07BC525FFD}.Release|Any CPU.Build.0 = Release|Any CPU
	EndGlobalSection
	GlobalSection(SolutionProperties) = preSolution
		HideSolutionNode = FALSE
	EndGlobalSection
	GlobalSection(ExtensibilityGlobals) = postSolution
		SolutionGuid = {DC6A23AF-7402-43E3-9763-D4E22A22CE91}
	EndGlobalSection
EndGlobal
